// !$*UTF8*$!
{
	archiveVersion = 1;
	classes = {
	};
	objectVersion = 46;
	objects = {

/* Begin PBXBuildFile section */
		041DF2B51D25364D003632D9 /* main.m in Sources */ = {isa = PBXBuildFile; fileRef = 041DF2B41D25364D003632D9 /* main.m */; };
		041DF2B81D25364D003632D9 /* AppDelegate.m in Sources */ = {isa = PBXBuildFile; fileRef = 041DF2B71D25364D003632D9 /* AppDelegate.m */; };
		041DF2BB1D25364D003632D9 /* ViewController.m in Sources */ = {isa = PBXBuildFile; fileRef = 041DF2BA1D25364D003632D9 /* ViewController.m */; };
		041DF2BE1D25364D003632D9 /* Main.storyboard in Resources */ = {isa = PBXBuildFile; fileRef = 041DF2BC1D25364D003632D9 /* Main.storyboard */; };
		041DF2C01D25364D003632D9 /* Assets.xcassets in Resources */ = {isa = PBXBuildFile; fileRef = 041DF2BF1D25364D003632D9 /* Assets.xcassets */; };
		041DF2C31D25364D003632D9 /* LaunchScreen.storyboard in Resources */ = {isa = PBXBuildFile; fileRef = 041DF2C11D25364D003632D9 /* LaunchScreen.storyboard */; };
		041DF2CE1D25364D003632D9 /* textTests.m in Sources */ = {isa = PBXBuildFile; fileRef = 041DF2CD1D25364D003632D9 /* textTests.m */; };
		041DF2D91D25364D003632D9 /* textUITests.m in Sources */ = {isa = PBXBuildFile; fileRef = 041DF2D81D25364D003632D9 /* textUITests.m */; };
/* End PBXBuildFile section */

/* Begin PBXContainerItemProxy section */
		041DF2CA1D25364D003632D9 /* PBXContainerItemProxy */ = {
			isa = PBXContainerItemProxy;
			containerPortal = 041DF2A81D25364D003632D9 /* Project object */;
			proxyType = 1;
			remoteGlobalIDString = 041DF2AF1D25364D003632D9;
			remoteInfo = text;
		};
		041DF2D51D25364D003632D9 /* PBXContainerItemProxy */ = {
			isa = PBXContainerItemProxy;
			containerPortal = 041DF2A81D25364D003632D9 /* Project object */;
			proxyType = 1;
			remoteGlobalIDString = 041DF2AF1D25364D003632D9;
			remoteInfo = text;
		};
/* End PBXContainerItemProxy section */

/* Begin PBXFileReference section */
		041DF2B01D25364D003632D9 /* text.app */ = {isa = PBXFileReference; explicitFileType = wrapper.application; includeInIndex = 0; path = text.app; sourceTree = BUILT_PRODUCTS_DIR; };
		041DF2B41D25364D003632D9 /* main.m */ = {isa = PBXFileReference; lastKnownFileType = sourcecode.c.objc; path = main.m; sourceTree = "<group>"; };
		041DF2B61D25364D003632D9 /* AppDelegate.h */ = {isa = PBXFileReference; lastKnownFileType = sourcecode.c.h; path = AppDelegate.h; sourceTree = "<group>"; };
		041DF2B71D25364D003632D9 /* AppDelegate.m */ = {isa = PBXFileReference; lastKnownFileType = sourcecode.c.objc; path = AppDelegate.m; sourceTree = "<group>"; };
		041DF2B91D25364D003632D9 /* ViewController.h */ = {isa = PBXFileReference; lastKnownFileType = sourcecode.c.h; path = ViewController.h; sourceTree = "<group>"; };
		041DF2BA1D25364D003632D9 /* ViewController.m */ = {isa = PBXFileReference; lastKnownFileType = sourcecode.c.objc; path = ViewController.m; sourceTree = "<group>"; };
		041DF2BD1D25364D003632D9 /* Base */ = {isa = PBXFileReference; lastKnownFileType = file.storyboard; name = Base; path = Base.lproj/Main.storyboard; sourceTree = "<group>"; };
		041DF2BF1D25364D003632D9 /* Assets.xcassets */ = {isa = PBXFileReference; lastKnownFileType = folder.assetcatalog; path = Assets.xcassets; sourceTree = "<group>"; };
		041DF2C21D25364D003632D9 /* Base */ = {isa = PBXFileReference; lastKnownFileType = file.storyboard; name = Base; path = Base.lproj/LaunchScreen.storyboard; sourceTree = "<group>"; };
		041DF2C41D25364D003632D9 /* Info.plist */ = {isa = PBXFileReference; lastKnownFileType = text.plist.xml; path = Info.plist; sourceTree = "<group>"; };
		041DF2C91D25364D003632D9 /* textTests.xctest */ = {isa = PBXFileReference; explicitFileType = wrapper.cfbundle; includeInIndex = 0; path = textTests.xctest; sourceTree = BUILT_PRODUCTS_DIR; };
		041DF2CD1D25364D003632D9 /* textTests.m */ = {isa = PBXFileReference; lastKnownFileType = sourcecode.c.objc; path = textTests.m; sourceTree = "<group>"; };
		041DF2CF1D25364D003632D9 /* Info.plist */ = {isa = PBXFileReference; lastKnownFileType = text.plist.xml; path = Info.plist; sourceTree = "<group>"; };
		041DF2D41D25364D003632D9 /* textUITests.xctest */ = {isa = PBXFileReference; explicitFileType = wrapper.cfbundle; includeInIndex = 0; path = textUITests.xctest; sourceTree = BUILT_PRODUCTS_DIR; };
		041DF2D81D25364D003632D9 /* textUITests.m */ = {isa = PBXFileReference; lastKnownFileType = sourcecode.c.objc; path = textUITests.m; sourceTree = "<group>"; };
		041DF2DA1D25364D003632D9 /* Info.plist */ = {isa = PBXFileReference; lastKnownFileType = text.plist.xml; path = Info.plist; sourceTree = "<group>"; };
/* End PBXFileReference section */

/* Begin PBXFrameworksBuildPhase section */
		041DF2AD1D25364D003632D9 /* Frameworks */ = {
			isa = PBXFrameworksBuildPhase;
			buildActionMask = 2147483647;
			files = (
			);
			runOnlyForDeploymentPostprocessing = 0;
		};
		041DF2C61D25364D003632D9 /* Frameworks */ = {
			isa = PBXFrameworksBuildPhase;
			buildActionMask = 2147483647;
			files = (
			);
			runOnlyForDeploymentPostprocessing = 0;
		};
		041DF2D11D25364D003632D9 /* Frameworks */ = {
			isa = PBXFrameworksBuildPhase;
			buildActionMask = 2147483647;
			files = (
			);
			runOnlyForDeploymentPostprocessing = 0;
		};
/* End PBXFrameworksBuildPhase section */

/* Begin PBXGroup section */
		041DF2A71D25364D003632D9 = {
			isa = PBXGroup;
			children = (
				041DF2B21D25364D003632D9 /* text */,
				041DF2CC1D25364D003632D9 /* textTests */,
				041DF2D71D25364D003632D9 /* textUITests */,
				041DF2B11D25364D003632D9 /* Products */,
			);
			sourceTree = "<group>";
		};
		041DF2B11D25364D003632D9 /* Products */ = {
			isa = PBXGroup;
			children = (
				041DF2B01D25364D003632D9 /* text.app */,
				041DF2C91D25364D003632D9 /* textTests.xctest */,
				041DF2D41D25364D003632D9 /* textUITests.xctest */,
			);
			name = Products;
			sourceTree = "<group>";
		};
		041DF2B21D25364D003632D9 /* text */ = {
			isa = PBXGroup;
			children = (
				041DF2B61D25364D003632D9 /* AppDelegate.h */,
				041DF2B71D25364D003632D9 /* AppDelegate.m */,
				041DF2B91D25364D003632D9 /* ViewController.h */,
				041DF2BA1D25364D003632D9 /* ViewController.m */,
				041DF2BC1D25364D003632D9 /* Main.storyboard */,
				041DF2BF1D25364D003632D9 /* Assets.xcassets */,
				041DF2C11D25364D003632D9 /* LaunchScreen.storyboard */,
				041DF2C41D25364D003632D9 /* Info.plist */,
				041DF2B31D25364D003632D9 /* Supporting Files */,
			);
			path = text;
			sourceTree = "<group>";
		};
		041DF2B31D25364D003632D9 /* Supporting Files */ = {
			isa = PBXGroup;
			children = (
				041DF2B41D25364D003632D9 /* main.m */,
			);
			name = "Supporting Files";
			sourceTree = "<group>";
		};
		041DF2CC1D25364D003632D9 /* textTests */ = {
			isa = PBXGroup;
			children = (
				041DF2CD1D25364D003632D9 /* textTests.m */,
				041DF2CF1D25364D003632D9 /* Info.plist */,
			);
			path = textTests;
			sourceTree = "<group>";
		};
		041DF2D71D25364D003632D9 /* textUITests */ = {
			isa = PBXGroup;
			children = (
				041DF2D81D25364D003632D9 /* textUITests.m */,
				041DF2DA1D25364D003632D9 /* Info.plist */,
			);
			path = textUITests;
			sourceTree = "<group>";
		};
/* End PBXGroup section */

/* Begin PBXNativeTarget section */
		041DF2AF1D25364D003632D9 /* text */ = {
			isa = PBXNativeTarget;
			buildConfigurationList = 041DF2DD1D25364D003632D9 /* Build configuration list for PBXNativeTarget "text" */;
			buildPhases = (
				041DF2AC1D25364D003632D9 /* Sources */,
				041DF2AD1D25364D003632D9 /* Frameworks */,
				041DF2AE1D25364D003632D9 /* Resources */,
			);
			buildRules = (
			);
			dependencies = (
			);
			name = text;
			productName = text;
			productReference = 041DF2B01D25364D003632D9 /* text.app */;
			productType = "com.apple.product-type.application";
		};
		041DF2C81D25364D003632D9 /* textTests */ = {
			isa = PBXNativeTarget;
			buildConfigurationList = 041DF2E01D25364D003632D9 /* Build configuration list for PBXNativeTarget "textTests" */;
			buildPhases = (
				041DF2C51D25364D003632D9 /* Sources */,
				041DF2C61D25364D003632D9 /* Frameworks */,
				041DF2C71D25364D003632D9 /* Resources */,
			);
			buildRules = (
			);
			dependencies = (
				041DF2CB1D25364D003632D9 /* PBXTargetDependency */,
			);
			name = textTests;
			productName = textTests;
			productReference = 041DF2C91D25364D003632D9 /* textTests.xctest */;
			productType = "com.apple.product-type.bundle.unit-test";
		};
		041DF2D31D25364D003632D9 /* textUITests */ = {
			isa = PBXNativeTarget;
			buildConfigurationList = 041DF2E31D25364D003632D9 /* Build configuration list for PBXNativeTarget "textUITests" */;
			buildPhases = (
				041DF2D01D25364D003632D9 /* Sources */,
				041DF2D11D25364D003632D9 /* Frameworks */,
				041DF2D21D25364D003632D9 /* Resources */,
			);
			buildRules = (
			);
			dependencies = (
				041DF2D61D25364D003632D9 /* PBXTargetDependency */,
			);
			name = textUITests;
			productName = textUITests;
			productReference = 041DF2D41D25364D003632D9 /* textUITests.xctest */;
			productType = "com.apple.product-type.bundle.ui-testing";
		};
/* End PBXNativeTarget section */

/* Begin PBXProject section */
		041DF2A81D25364D003632D9 /* Project object */ = {
			isa = PBXProject;
			attributes = {
				LastUpgradeCheck = 0720;
				ORGANIZATIONNAME = AsZ;
				TargetAttributes = {
					041DF2AF1D25364D003632D9 = {
						CreatedOnToolsVersion = 7.2;
					};
					041DF2C81D25364D003632D9 = {
						CreatedOnToolsVersion = 7.2;
						TestTargetID = 041DF2AF1D25364D003632D9;
					};
					041DF2D31D25364D003632D9 = {
						CreatedOnToolsVersion = 7.2;
						TestTargetID = 041DF2AF1D25364D003632D9;
					};
				};
			};
			buildConfigurationList = 041DF2AB1D25364D003632D9 /* Build configuration list for PBXProject "text" */;
			compatibilityVersion = "Xcode 3.2";
			developmentRegion = English;
			hasScannedForEncodings = 0;
			knownRegions = (
				en,
				Base,
			);
			mainGroup = 041DF2A71D25364D003632D9;
			productRefGroup = 041DF2B11D25364D003632D9 /* Products */;
			projectDirPath = "";
			projectRoot = "";
			targets = (
				041DF2AF1D25364D003632D9 /* text */,
				041DF2C81D25364D003632D9 /* textTests */,
				041DF2D31D25364D003632D9 /* textUITests */,
			);
		};
/* End PBXProject section */

/* Begin PBXResourcesBuildPhase section */
		041DF2AE1D25364D003632D9 /* Resources */ = {
			isa = PBXResourcesBuildPhase;
			buildActionMask = 2147483647;
			files = (
				041DF2C31D25364D003632D9 /* LaunchScreen.storyboard in Resources */,
				041DF2C01D25364D003632D9 /* Assets.xcassets in Resources */,
				041DF2BE1D25364D003632D9 /* Main.storyboard in Resources */,
			);
			runOnlyForDeploymentPostprocessing = 0;
		};
		041DF2C71D25364D003632D9 /* Resources */ = {
			isa = PBXResourcesBuildPhase;
			buildActionMask = 2147483647;
			files = (
			);
			runOnlyForDeploymentPostprocessing = 0;
		};
		041DF2D21D25364D003632D9 /* Resources */ = {
			isa = PBXResourcesBuildPhase;
			buildActionMask = 2147483647;
			files = (
			);
			runOnlyForDeploymentPostprocessing = 0;
		};
/* End PBXResourcesBuildPhase section */

/* Begin PBXSourcesBuildPhase section */
		041DF2AC1D25364D003632D9 /* Sources */ = {
			isa = PBXSourcesBuildPhase;
			buildActionMask = 2147483647;
			files = (
				041DF2BB1D25364D003632D9 /* ViewController.m in Sources */,
				041DF2B81D25364D003632D9 /* AppDelegate.m in Sources */,
				041DF2B51D25364D003632D9 /* main.m in Sources */,
			);
			runOnlyForDeploymentPostprocessing = 0;
		};
		041DF2C51D25364D003632D9 /* Sources */ = {
			isa = PBXSourcesBuildPhase;
			buildActionMask = 2147483647;
			files = (
				041DF2CE1D25364D003632D9 /* textTests.m in Sources */,
			);
			runOnlyForDeploymentPostprocessing = 0;
		};
		041DF2D01D25364D003632D9 /* Sources */ = {
			isa = PBXSourcesBuildPhase;
			buildActionMask = 2147483647;
			files = (
				041DF2D91D25364D003632D9 /* textUITests.m in Sources */,
			);
			runOnlyForDeploymentPostprocessing = 0;
		};
/* End PBXSourcesBuildPhase section */

/* Begin PBXTargetDependency section */
		041DF2CB1D25364D003632D9 /* PBXTargetDependency */ = {
			isa = PBXTargetDependency;
			target = 041DF2AF1D25364D003632D9 /* text */;
			targetProxy = 041DF2CA1D25364D003632D9 /* PBXContainerItemProxy */;
		};
		041DF2D61D25364D003632D9 /* PBXTargetDependency */ = {
			isa = PBXTargetDependency;
			target = 041DF2AF1D25364D003632D9 /* text */;
			targetProxy = 041DF2D51D25364D003632D9 /* PBXContainerItemProxy */;
		};
/* End PBXTargetDependency section */

/* Begin PBXVariantGroup section */
		041DF2BC1D25364D003632D9 /* Main.storyboard */ = {
			isa = PBXVariantGroup;
			children = (
				041DF2BD1D25364D003632D9 /* Base */,
			);
			name = Main.storyboard;
			sourceTree = "<group>";
		};
		041DF2C11D25364D003632D9 /* LaunchScreen.storyboard */ = {
			isa = PBXVariantGroup;
			children = (
				041DF2C21D25364D003632D9 /* Base */,
			);
			name = LaunchScreen.storyboard;
			sourceTree = "<group>";
		};
/* End PBXVariantGroup section */

/* Begin XCBuildConfiguration section */
		041DF2DB1D25364D003632D9 /* Debug */ = {
			isa = XCBuildConfiguration;
			buildSettings = {
				ALWAYS_SEARCH_USER_PATHS = NO;
				CLANG_CXX_LANGUAGE_STANDARD = "gnu++0x";
				CLANG_CXX_LIBRARY = "libc++";
				CLANG_ENABLE_MODULES = YES;
				CLANG_ENABLE_OBJC_ARC = YES;
				CLANG_WARN_BOOL_CONVERSION = YES;
				CLANG_WARN_CONSTANT_CONVERSION = YES;
				CLANG_WARN_DIRECT_OBJC_ISA_USAGE = YES_ERROR;
				CLANG_WARN_EMPTY_BODY = YES;
				CLANG_WARN_ENUM_CONVERSION = YES;
				CLANG_WARN_INT_CONVERSION = YES;
				CLANG_WARN_OBJC_ROOT_CLASS = YES_ERROR;
				CLANG_WARN_UNREACHABLE_CODE = YES;
				CLANG_WARN__DUPLICATE_METHOD_MATCH = YES;
				"CODE_SIGN_IDENTITY[sdk=iphoneos*]" = "iPhone Developer";
				COPY_PHASE_STRIP = NO;
				DEBUG_INFORMATION_FORMAT = dwarf;
				ENABLE_STRICT_OBJC_MSGSEND = YES;
				ENABLE_TESTABILITY = YES;
				GCC_C_LANGUAGE_STANDARD = gnu99;
				GCC_DYNAMIC_NO_PIC = NO;
				GCC_NO_COMMON_BLOCKS = YES;
				GCC_OPTIMIZATION_LEVEL = 0;
				GCC_PREPROCESSOR_DEFINITIONS = (
					"DEBUG=1",
					"$(inherited)",
				);
				GCC_WARN_64_TO_32_BIT_CONVERSION = YES;
				GCC_WARN_ABOUT_RETURN_TYPE = YES_ERROR;
				GCC_WARN_UNDECLARED_SELECTOR = YES;
				GCC_WARN_UNINITIALIZED_AUTOS = YES_AGGRESSIVE;
				GCC_WARN_UNUSED_FUNCTION = YES;
				GCC_WARN_UNUSED_VARIABLE = YES;
				IPHONEOS_DEPLOYMENT_TARGET = 9.2;
				MTL_ENABLE_DEBUG_INFO = YES;
				ONLY_ACTIVE_ARCH = YES;
				SDKROOT = iphoneos;
			};
			name = Debug;
		};
		041DF2DC1D25364D003632D9 /* Release */ = {
			isa = XCBuildConfiguration;
			buildSettings = {
				ALWAYS_SEARCH_USER_PATHS = NO;
				CLANG_CXX_LANGUAGE_STANDARD = "gnu++0x";
				CLANG_CXX_LIBRARY = "libc++";
				CLANG_ENABLE_MODULES = YES;
				CLANG_ENABLE_OBJC_ARC = YES;
				CLANG_WARN_BOOL_CONVERSION = YES;
				CLANG_WARN_CONSTANT_CONVERSION = YES;
				CLANG_WARN_DIRECT_OBJC_ISA_USAGE = YES_ERROR;
				CLANG_WARN_EMPTY_BODY = YES;
				CLANG_WARN_ENUM_CONVERSION = YES;
				CLANG_WARN_INT_CONVERSION = YES;
				CLANG_WARN_OBJC_ROOT_CLASS = YES_ERROR;
				CLANG_WARN_UNREACHABLE_CODE = YES;
				CLANG_WARN__DUPLICATE_METHOD_MATCH = YES;
				"CODE_SIGN_IDENTITY[sdk=iphoneos*]" = "iPhone Developer";
				COPY_PHASE_STRIP = NO;
				DEBUG_INFORMATION_FORMAT = "dwarf-with-dsym";
				ENABLE_NS_ASSERTIONS = NO;
				ENABLE_STRICT_OBJC_MSGSEND = YES;
				GCC_C_LANGUAGE_STANDARD = gnu99;
				GCC_NO_COMMON_BLOCKS = YES;
				GCC_WARN_64_TO_32_BIT_CONVERSION = YES;
				GCC_WARN_ABOUT_RETURN_TYPE = YES_ERROR;
				GCC_WARN_UNDECLARED_SELECTOR = YES;
				GCC_WARN_UNINITIALIZED_AUTOS = YES_AGGRESSIVE;
				GCC_WARN_UNUSED_FUNCTION = YES;
				GCC_WARN_UNUSED_VARIABLE = YES;
				IPHONEOS_DEPLOYMENT_TARGET = 9.2;
				MTL_ENABLE_DEBUG_INFO = NO;
				SDKROOT = iphoneos;
				VALIDATE_PRODUCT = YES;
			};
			name = Release;
		};
		041DF2DE1D25364D003632D9 /* Debug */ = {
			isa = XCBuildConfiguration;
			buildSettings = {
				ASSETCATALOG_COMPILER_APPICON_NAME = AppIcon;
				INFOPLIST_FILE = text/Info.plist;
				LD_RUNPATH_SEARCH_PATHS = "$(inherited) @executable_path/Frameworks";
				PRODUCT_BUNDLE_IDENTIFIER = zhiyou.com.text;
				PRODUCT_NAME = "$(TARGET_NAME)";
			};
			name = Debug;
		};
		041DF2DF1D25364D003632D9 /* Release */ = {
			isa = XCBuildConfiguration;
			buildSettings = {
				ASSETCATALOG_COMPILER_APPICON_NAME = AppIcon;
				INFOPLIST_FILE = text/Info.plist;
				LD_RUNPATH_SEARCH_PATHS = "$(inherited) @executable_path/Frameworks";
				PRODUCT_BUNDLE_IDENTIFIER = zhiyou.com.text;
				PRODUCT_NAME = "$(TARGET_NAME)";
			};
			name = Release;
		};
		041DF2E11D25364D003632D9 /* Debug */ = {
			isa = XCBuildConfiguration;
			buildSettings = {
				BUNDLE_LOADER = "$(TEST_HOST)";
				INFOPLIST_FILE = textTests/Info.plist;
				LD_RUNPATH_SEARCH_PATHS = "$(inherited) @executable_path/Frameworks @loader_path/Frameworks";
				PRODUCT_BUNDLE_IDENTIFIER = zhiyou.com.textTests;
				PRODUCT_NAME = "$(TARGET_NAME)";
				TEST_HOST = "$(BUILT_PRODUCTS_DIR)/text.app/text";
			};
			name = Debug;
		};
		041DF2E21D25364D003632D9 /* Release */ = {
			isa = XCBuildConfiguration;
			buildSettings = {
				BUNDLE_LOADER = "$(TEST_HOST)";
				INFOPLIST_FILE = textTests/Info.plist;
				LD_RUNPATH_SEARCH_PATHS = "$(inherited) @executable_path/Frameworks @loader_path/Frameworks";
				PRODUCT_BUNDLE_IDENTIFIER = zhiyou.com.textTests;
				PRODUCT_NAME = "$(TARGET_NAME)";
				TEST_HOST = "$(BUILT_PRODUCTS_DIR)/text.app/text";
			};
			name = Release;
		};
		041DF2E41D25364D003632D9 /* Debug */ = {
			isa = XCBuildConfiguration;
			buildSettings = {
				INFOPLIST_FILE = textUITests/Info.plist;
				LD_RUNPATH_SEARCH_PATHS = "$(inherited) @executable_path/Frameworks @loader_path/Frameworks";
				PRODUCT_BUNDLE_IDENTIFIER = zhiyou.com.textUITests;
				PRODUCT_NAME = "$(TARGET_NAME)";
				TEST_TARGET_NAME = text;
				USES_XCTRUNNER = YES;
			};
			name = Debug;
		};
		041DF2E51D25364D003632D9 /* Release */ = {
			isa = XCBuildConfiguration;
			buildSettings = {
				INFOPLIST_FILE = textUITests/Info.plist;
				LD_RUNPATH_SEARCH_PATHS = "$(inherited) @executable_path/Frameworks @loader_path/Frameworks";
				PRODUCT_BUNDLE_IDENTIFIER = zhiyou.com.textUITests;
				PRODUCT_NAME = "$(TARGET_NAME)";
				TEST_TARGET_NAME = text;
				USES_XCTRUNNER = YES;
			};
			name = Release;
		};
/* End XCBuildConfiguration section */

/* Begin XCConfigurationList section */
		041DF2AB1D25364D003632D9 /* Build configuration list for PBXProject "text" */ = {
			isa = XCConfigurationList;
			buildConfigurations = (
				041DF2DB1D25364D003632D9 /* Debug */,
				041DF2DC1D25364D003632D9 /* Release */,
			);
			defaultConfigurationIsVisible = 0;
			defaultConfigurationName = Release;
		};
		041DF2DD1D25364D003632D9 /* Build configuration list for PBXNativeTarget "text" */ = {
			isa = XCConfigurationList;
			buildConfigurations = (
				041DF2DE1D25364D003632D9 /* Debug */,
				041DF2DF1D25364D003632D9 /* Release */,
			);
			defaultConfigurationIsVisible = 0;
		};
		041DF2E01D25364D003632D9 /* Build configuration list for PBXNativeTarget "textTests" */ = {
			isa = XCConfigurationList;
			buildConfigurations = (
				041DF2E11D25364D003632D9 /* Debug */,
				041DF2E21D25364D003632D9 /* Release */,
			);
			defaultConfigurationIsVisible = 0;
		};
		041DF2E31D25364D003632D9 /* Build configuration list for PBXNativeTarget "textUITests" */ = {
			isa = XCConfigurationList;
			buildConfigurations = (
				041DF2E41D25364D003632D9 /* Debug */,
				041DF2E51D25364D003632D9 /* Release */,
			);
			defaultConfigurationIsVisible = 0;
		};
/* End XCConfigurationList section */
	};
	rootObject = 041DF2A81D25364D003632D9 /* Project object */;
}
